
Microsoft Visual Studio Solution File, Format Version 12.00
# Visual Studio Version 17
VisualStudioVersion = 17.7.34018.315
MinimumVisualStudioVersion = 10.0.40219.1
Project("{FAE04EC0-301F-11D3-BF4B-00C04F79EFBC}") = "RenderGallery", "RenderGallery.csproj", "{69E20E93-332A-480D-A403-DBC971D2B73B}"
EndProject
Global
	GlobalSection(SolutionConfigurationPlatforms) = preSolution
		Debug|Any CPU = Debug|Any CPU
		Release|Any CPU = Release|Any CPU
	EndGlobalSection
	GlobalSection(ProjectConfigurationPlatforms) = postSolution
		{69E20E93-332A-480D-A403-DBC971D2B73B}.Debug|Any CPU.ActiveCfg = Debug|Any CPU
		{69E20E93-332A-480D-A403-DBC971D2B73B}.Debug|Any CPU.Build.0 = Debug|Any CPU
		{69E20E93-332A-480D-A403-DBC971D2B73B}.Release|Any CPU.ActiveCfg = Release|Any CPU
		{69E20E93-332A-480D-A403-DBC971D2B73B}.Release|Any CPU.Build.0 = Release|Any CPU
	EndGlobalSection
	GlobalSection(SolutionProperties) = preSolution
		HideSolutionNode = FALSE
	EndGlobalSection
	GlobalSection(ExtensibilityGlobals) = postSolution
		SolutionGuid = {05C34508-618D-4C57-B579-1CE4CD2261E6}
	EndGlobalSection
EndGlobal
